
Microsoft Visual Studio Solution File, Format Version 12.00
# Visual Studio Version 17
VisualStudioVersion = 17.4.33213.308
MinimumVisualStudioVersion = 10.0.40219.1
Project("{FAE04EC0-301F-11D3-BF4B-00C04F79EFBC}") = "sistema de tarefas", "sistema de tarefas\sistema de tarefas.csproj", "{FDA0654C-BD56-4637-AB53-B84F7C0E0E77}"
EndProject
Global
	GlobalSection(SolutionConfigurationPlatforms) = preSolution
		Debug|Any CPU = Debug|Any CPU
		Release|Any CPU = Release|Any CPU
	EndGlobalSection
	GlobalSection(ProjectConfigurationPlatforms) = postSolution
		{FDA0654C-BD56-4637-AB53-B84F7C0E0E77}.Debug|Any CPU.ActiveCfg = Debug|Any CPU
		{FDA0654C-BD56-4637-AB53-B84F7C0E0E77}.Debug|Any CPU.Build.0 = Debug|Any CPU
		{FDA0654C-BD56-4637-AB53-B84F7C0E0E77}.Release|Any CPU.ActiveCfg = Release|Any CPU
		{FDA0654C-BD56-4637-AB53-B84F7C0E0E77}.Release|Any CPU.Build.0 = Release|Any CPU
	EndGlobalSection
	GlobalSection(SolutionProperties) = preSolution
		HideSolutionNode = FALSE
	EndGlobalSection
	GlobalSection(ExtensibilityGlobals) = postSolution
		SolutionGuid = {40562582-9590-432A-BB04-D037FF0BEE02}
	EndGlobalSection
EndGlobal
